{
  "name": "flow-nodejs",
  "version": "0.1.0",
  "lockfileVersion": 1,
  "dependencies": {
    "flow": {
      "version": "git://github.com/jillix/flow.git#8711a262c96eb0c574f8302681fe1079f6cbfa39",
      "integrity": "sha1-i1n5Iu/9+9/h2s7yBGxa5OIBiM8="
    },
    "lru-cache": {
      "version": "https://registry.npmjs.org/lru-cache/-/lru-cache-4.0.2.tgz",
      "integrity": "sha1-HRdnnAac2l0ECZGgnbwsDbN35V4="
    },
    "pseudomap": {
      "version": "https://registry.npmjs.org/pseudomap/-/pseudomap-1.0.2.tgz",
      "integrity": "sha1-8FKijacOYYkX7wqKw0wa5aaChrM="
    },
    "ruut.js": {
      "version": "github:jillix/ruut.js#87c4f75ce6b683d70c145a0517126db321ce6d83"
    },
    "setimmediate": {
      "version": "https://registry.npmjs.org/setimmediate/-/setimmediate-1.0.5.tgz",
      "integrity": "sha1-KQy7Iy4waULX1+qbg3Mqt4VvgoU="
    },
    "yallist": {
      "version": "https://registry.npmjs.org/yallist/-/yallist-2.1.2.tgz",
      "integrity": "sha1-HBH5IY8HYImkfdUS+TxmmaaoHVI="
    }
  }
}
